
Microsoft Visual Studio Solution File, Format Version 12.00
# Visual Studio Version 17
VisualStudioVersion = 17.3.32811.315
MinimumVisualStudioVersion = 10.0.40219.1
Project("{2150E333-8FDC-42A3-9474-1A3956D46DE8}") = "Modules", "Modules", "{BE1D835A-D46C-4A68-B75A-73CC5B9A8FA4}"
EndProject
Project("{9A19103F-16F7-4668-BE54-9A1E7A4F7556}") = "WATA.LIS", "WATA.LIS\WATA.LIS.csproj", "{B2DCBCD6-0557-471F-8849-AD25E9966FFC}"
EndProject
Project("{9A19103F-16F7-4668-BE54-9A1E7A4F7556}") = "WATA.LIS.Core", "WATA.LIS.Core\WATA.LIS.Core.csproj", "{41054B7F-0E4F-4393-B155-3CC7EF988A51}"
EndProject
Project("{9A19103F-16F7-4668-BE54-9A1E7A4F7556}") = "WATA.LIS.SENSOR.Distance", "Modules\WATA.LIS.SENSOR.Distance\WATA.LIS.SENSOR.Distance.csproj", "{687D70A8-0FCB-4B76-B68F-6709BD1A8869}"
EndProject
Project("{9A19103F-16F7-4668-BE54-9A1E7A4F7556}") = "WATA.LIS.SENSOR.UHF_RFID", "Modules\WATA.LIS.SENSOR.UHF_RFID\WATA.LIS.SENSOR.UHF_RFID.csproj", "{B6BC2FB8-674E-40DB-9E65-34ADAEAB373C}"
EndProject
Project("{9A19103F-16F7-4668-BE54-9A1E7A4F7556}") = "WATA.LIS.IF.BE", "Modules\WATA.LIS.IF.BE\WATA.LIS.IF.BE.csproj", "{CB7256E2-D3DB-4194-8688-C85114D9D097}"
	ProjectSection(ProjectDependencies) = postProject
		{41054B7F-0E4F-4393-B155-3CC7EF988A51} = {41054B7F-0E4F-4393-B155-3CC7EF988A51}
	EndProjectSection
EndProject
Project("{9A19103F-16F7-4668-BE54-9A1E7A4F7556}") = "WATA.LIS.VISION.Camera", "Modules\WATA.LIS.VISION.Camera\WATA.LIS.VISION.Camera.csproj", "{F578A058-F176-4276-98AE-7799E6993D24}"
	ProjectSection(ProjectDependencies) = postProject
		{41054B7F-0E4F-4393-B155-3CC7EF988A51} = {41054B7F-0E4F-4393-B155-3CC7EF988A51}
	EndProjectSection
EndProject
Project("{9A19103F-16F7-4668-BE54-9A1E7A4F7556}") = "WATA.LIS.Main", "Modules\WATA.LIS.Main\WATA.LIS.Main.csproj", "{53594326-B319-42E4-B3E3-4D0AA823C1C5}"
EndProject
Project("{FAE04EC0-301F-11D3-BF4B-00C04F79EFBC}") = "WATA.LIS.WPS", "WATA.LIS.WPS\WATA.LIS.WPS.csproj", "{CDE46495-EC8D-475B-B966-7999274C468E}"
EndProject
Global
	GlobalSection(SolutionConfigurationPlatforms) = preSolution
		Debug|Any CPU = Debug|Any CPU
		Release|Any CPU = Release|Any CPU
		Remote|Any CPU = Remote|Any CPU
	EndGlobalSection
	GlobalSection(ProjectConfigurationPlatforms) = postSolution
		{B2DCBCD6-0557-471F-8849-AD25E9966FFC}.Debug|Any CPU.ActiveCfg = Debug|Any CPU
		{B2DCBCD6-0557-471F-8849-AD25E9966FFC}.Debug|Any CPU.Build.0 = Debug|Any CPU
		{B2DCBCD6-0557-471F-8849-AD25E9966FFC}.Release|Any CPU.ActiveCfg = Release|Any CPU
		{B2DCBCD6-0557-471F-8849-AD25E9966FFC}.Release|Any CPU.Build.0 = Release|Any CPU
		{B2DCBCD6-0557-471F-8849-AD25E9966FFC}.Remote|Any CPU.ActiveCfg = Remote|Any CPU
		{B2DCBCD6-0557-471F-8849-AD25E9966FFC}.Remote|Any CPU.Build.0 = Remote|Any CPU
		{41054B7F-0E4F-4393-B155-3CC7EF988A51}.Debug|Any CPU.ActiveCfg = Debug|Any CPU
		{41054B7F-0E4F-4393-B155-3CC7EF988A51}.Debug|Any CPU.Build.0 = Debug|Any CPU
		{41054B7F-0E4F-4393-B155-3CC7EF988A51}.Release|Any CPU.ActiveCfg = Release|Any CPU
		{41054B7F-0E4F-4393-B155-3CC7EF988A51}.Release|Any CPU.Build.0 = Release|Any CPU
		{41054B7F-0E4F-4393-B155-3CC7EF988A51}.Remote|Any CPU.ActiveCfg = Remote|Any CPU
		{41054B7F-0E4F-4393-B155-3CC7EF988A51}.Remote|Any CPU.Build.0 = Remote|Any CPU
		{687D70A8-0FCB-4B76-B68F-6709BD1A8869}.Debug|Any CPU.ActiveCfg = Debug|Any CPU
		{687D70A8-0FCB-4B76-B68F-6709BD1A8869}.Debug|Any CPU.Build.0 = Debug|Any CPU
		{687D70A8-0FCB-4B76-B68F-6709BD1A8869}.Release|Any CPU.ActiveCfg = Release|Any CPU
		{687D70A8-0FCB-4B76-B68F-6709BD1A8869}.Release|Any CPU.Build.0 = Release|Any CPU
		{687D70A8-0FCB-4B76-B68F-6709BD1A8869}.Remote|Any CPU.ActiveCfg = Remote|Any CPU
		{687D70A8-0FCB-4B76-B68F-6709BD1A8869}.Remote|Any CPU.Build.0 = Remote|Any CPU
		{B6BC2FB8-674E-40DB-9E65-34ADAEAB373C}.Debug|Any CPU.ActiveCfg = Debug|Any CPU
		{B6BC2FB8-674E-40DB-9E65-34ADAEAB373C}.Debug|Any CPU.Build.0 = Debug|Any CPU
		{B6BC2FB8-674E-40DB-9E65-34ADAEAB373C}.Release|Any CPU.ActiveCfg = Release|Any CPU
		{B6BC2FB8-674E-40DB-9E65-34ADAEAB373C}.Release|Any CPU.Build.0 = Release|Any CPU
		{B6BC2FB8-674E-40DB-9E65-34ADAEAB373C}.Remote|Any CPU.ActiveCfg = Remote|Any CPU
		{B6BC2FB8-674E-40DB-9E65-34ADAEAB373C}.Remote|Any CPU.Build.0 = Remote|Any CPU
		{CB7256E2-D3DB-4194-8688-C85114D9D097}.Debug|Any CPU.ActiveCfg = Debug|Any CPU
		{CB7256E2-D3DB-4194-8688-C85114D9D097}.Debug|Any CPU.Build.0 = Debug|Any CPU
		{CB7256E2-D3DB-4194-8688-C85114D9D097}.Release|Any CPU.ActiveCfg = Release|Any CPU
		{CB7256E2-D3DB-4194-8688-C85114D9D097}.Release|Any CPU.Build.0 = Release|Any CPU
		{CB7256E2-D3DB-4194-8688-C85114D9D097}.Remote|Any CPU.ActiveCfg = Remote|Any CPU
		{CB7256E2-D3DB-4194-8688-C85114D9D097}.Remote|Any CPU.Build.0 = Remote|Any CPU
		{F578A058-F176-4276-98AE-7799E6993D24}.Debug|Any CPU.ActiveCfg = Debug|Any CPU
		{F578A058-F176-4276-98AE-7799E6993D24}.Debug|Any CPU.Build.0 = Debug|Any CPU
		{F578A058-F176-4276-98AE-7799E6993D24}.Release|Any CPU.ActiveCfg = Release|Any CPU
		{F578A058-F176-4276-98AE-7799E6993D24}.Release|Any CPU.Build.0 = Release|Any CPU
		{F578A058-F176-4276-98AE-7799E6993D24}.Remote|Any CPU.ActiveCfg = Remote|Any CPU
		{F578A058-F176-4276-98AE-7799E6993D24}.Remote|Any CPU.Build.0 = Remote|Any CPU
		{53594326-B319-42E4-B3E3-4D0AA823C1C5}.Debug|Any CPU.ActiveCfg = Debug|Any CPU
		{53594326-B319-42E4-B3E3-4D0AA823C1C5}.Debug|Any CPU.Build.0 = Debug|Any CPU
		{53594326-B319-42E4-B3E3-4D0AA823C1C5}.Release|Any CPU.ActiveCfg = Release|Any CPU
		{53594326-B319-42E4-B3E3-4D0AA823C1C5}.Release|Any CPU.Build.0 = Release|Any CPU
		{53594326-B319-42E4-B3E3-4D0AA823C1C5}.Remote|Any CPU.ActiveCfg = Remote|Any CPU
		{53594326-B319-42E4-B3E3-4D0AA823C1C5}.Remote|Any CPU.Build.0 = Remote|Any CPU
		{CDE46495-EC8D-475B-B966-7999274C468E}.Debug|Any CPU.ActiveCfg = Debug|Any CPU
		{CDE46495-EC8D-475B-B966-7999274C468E}.Debug|Any CPU.Build.0 = Debug|Any CPU
		{CDE46495-EC8D-475B-B966-7999274C468E}.Release|Any CPU.ActiveCfg = Release|Any CPU
		{CDE46495-EC8D-475B-B966-7999274C468E}.Release|Any CPU.Build.0 = Release|Any CPU
		{CDE46495-EC8D-475B-B966-7999274C468E}.Remote|Any CPU.ActiveCfg = Remote|Any CPU
		{CDE46495-EC8D-475B-B966-7999274C468E}.Remote|Any CPU.Build.0 = Remote|Any CPU
	EndGlobalSection
	GlobalSection(SolutionProperties) = preSolution
		HideSolutionNode = FALSE
	EndGlobalSection
	GlobalSection(NestedProjects) = preSolution
		{687D70A8-0FCB-4B76-B68F-6709BD1A8869} = {BE1D835A-D46C-4A68-B75A-73CC5B9A8FA4}
		{B6BC2FB8-674E-40DB-9E65-34ADAEAB373C} = {BE1D835A-D46C-4A68-B75A-73CC5B9A8FA4}
		{CB7256E2-D3DB-4194-8688-C85114D9D097} = {BE1D835A-D46C-4A68-B75A-73CC5B9A8FA4}
		{F578A058-F176-4276-98AE-7799E6993D24} = {BE1D835A-D46C-4A68-B75A-73CC5B9A8FA4}
		{53594326-B319-42E4-B3E3-4D0AA823C1C5} = {BE1D835A-D46C-4A68-B75A-73CC5B9A8FA4}
	EndGlobalSection
	GlobalSection(ExtensibilityGlobals) = postSolution
		SolutionGuid = {0DE40EDF-B68F-4F9F-8311-8E5028065A74}
	EndGlobalSection
EndGlobal
